
Microsoft Visual Studio Solution File, Format Version 12.00
# Visual Studio Version 17
VisualStudioVersion = 17.14.36310.24 d17.14
MinimumVisualStudioVersion = 10.0.40219.1
Project("{FAE04EC0-301F-11D3-BF4B-00C04F79EFBC}") = "Router", "Router\Router.csproj", "{2C176DFD-624D-4464-BCDE-5B00265C4D6C}"
EndProject
Global
	GlobalSection(SolutionConfigurationPlatforms) = preSolution
		Debug|Any CPU = Debug|Any CPU
		Release|Any CPU = Release|Any CPU
	EndGlobalSection
	GlobalSection(ProjectConfigurationPlatforms) = postSolution
		{2C176DFD-624D-4464-BCDE-5B00265C4D6C}.Debug|Any CPU.ActiveCfg = Debug|Any CPU
		{2C176DFD-624D-4464-BCDE-5B00265C4D6C}.Debug|Any CPU.Build.0 = Debug|Any CPU
		{2C176DFD-624D-4464-BCDE-5B00265C4D6C}.Release|Any CPU.ActiveCfg = Release|Any CPU
		{2C176DFD-624D-4464-BCDE-5B00265C4D6C}.Release|Any CPU.Build.0 = Release|Any CPU
	EndGlobalSection
	GlobalSection(SolutionProperties) = preSolution
		HideSolutionNode = FALSE
	EndGlobalSection
	GlobalSection(ExtensibilityGlobals) = postSolution
		SolutionGuid = {C4FB83EA-44E2-4A11-8E04-C494422A2F5A}
	EndGlobalSection
EndGlobal
